
Microsoft Visual Studio Solution File, Format Version 12.00
# Visual Studio Version 17
VisualStudioVersion = 17.4.33205.214
MinimumVisualStudioVersion = 10.0.40219.1
Project("{9A19103F-16F7-4668-BE54-9A1E7A4F7556}") = "QuestionMark", "QuestionMark\QuestionMark.csproj", "{FDF1DD73-3F7E-4607-8D33-7A2B3342BEE5}"
EndProject
Project("{9A19103F-16F7-4668-BE54-9A1E7A4F7556}") = "SwichForWhile", "SwichForWhile\SwichForWhile.csproj", "{C45C07BF-88BF-4D2D-899D-877C58737664}"
EndProject
Project("{9A19103F-16F7-4668-BE54-9A1E7A4F7556}") = "RefOutRegexTryparse", "RefOutRegexTryparse\RefOutRegexTryparse.csproj", "{B16CCCA0-3AF7-4B0F-8C9B-130DD43BC9E8}"
EndProject
Project("{9A19103F-16F7-4668-BE54-9A1E7A4F7556}") = "PartialClass", "PartialClass\PartialClass.csproj", "{982A497B-7F34-4FF6-9D34-3E95E249832D}"
EndProject
Global
	GlobalSection(SolutionConfigurationPlatforms) = preSolution
		Debug|Any CPU = Debug|Any CPU
		Release|Any CPU = Release|Any CPU
	EndGlobalSection
	GlobalSection(ProjectConfigurationPlatforms) = postSolution
		{FDF1DD73-3F7E-4607-8D33-7A2B3342BEE5}.Debug|Any CPU.ActiveCfg = Debug|Any CPU
		{FDF1DD73-3F7E-4607-8D33-7A2B3342BEE5}.Debug|Any CPU.Build.0 = Debug|Any CPU
		{FDF1DD73-3F7E-4607-8D33-7A2B3342BEE5}.Release|Any CPU.ActiveCfg = Release|Any CPU
		{FDF1DD73-3F7E-4607-8D33-7A2B3342BEE5}.Release|Any CPU.Build.0 = Release|Any CPU
		{C45C07BF-88BF-4D2D-899D-877C58737664}.Debug|Any CPU.ActiveCfg = Debug|Any CPU
		{C45C07BF-88BF-4D2D-899D-877C58737664}.Debug|Any CPU.Build.0 = Debug|Any CPU
		{C45C07BF-88BF-4D2D-899D-877C58737664}.Release|Any CPU.ActiveCfg = Release|Any CPU
		{C45C07BF-88BF-4D2D-899D-877C58737664}.Release|Any CPU.Build.0 = Release|Any CPU
		{B16CCCA0-3AF7-4B0F-8C9B-130DD43BC9E8}.Debug|Any CPU.ActiveCfg = Debug|Any CPU
		{B16CCCA0-3AF7-4B0F-8C9B-130DD43BC9E8}.Debug|Any CPU.Build.0 = Debug|Any CPU
		{B16CCCA0-3AF7-4B0F-8C9B-130DD43BC9E8}.Release|Any CPU.ActiveCfg = Release|Any CPU
		{B16CCCA0-3AF7-4B0F-8C9B-130DD43BC9E8}.Release|Any CPU.Build.0 = Release|Any CPU
		{982A497B-7F34-4FF6-9D34-3E95E249832D}.Debug|Any CPU.ActiveCfg = Debug|Any CPU
		{982A497B-7F34-4FF6-9D34-3E95E249832D}.Debug|Any CPU.Build.0 = Debug|Any CPU
		{982A497B-7F34-4FF6-9D34-3E95E249832D}.Release|Any CPU.ActiveCfg = Release|Any CPU
		{982A497B-7F34-4FF6-9D34-3E95E249832D}.Release|Any CPU.Build.0 = Release|Any CPU
	EndGlobalSection
	GlobalSection(SolutionProperties) = preSolution
		HideSolutionNode = FALSE
	EndGlobalSection
	GlobalSection(ExtensibilityGlobals) = postSolution
		SolutionGuid = {BB5C116B-4B5B-4CBF-A309-340CCAE92ECE}
	EndGlobalSection
EndGlobal
